
Microsoft Visual Studio Solution File, Format Version 12.00
# Visual Studio Version 16
VisualStudioVersion = 16.0.30907.101
MinimumVisualStudioVersion = 10.0.40219.1
Project("{FAE04EC0-301F-11D3-BF4B-00C04F79EFBC}") = "Dil", "Dil\Dil.csproj", "{353B3350-55F6-4BFF-AB2E-5C36C33E81E4}"
EndProject
Global
	GlobalSection(SolutionConfigurationPlatforms) = preSolution
		Debug|Any CPU = Debug|Any CPU
		Release|Any CPU = Release|Any CPU
	EndGlobalSection
	GlobalSection(ProjectConfigurationPlatforms) = postSolution
		{353B3350-55F6-4BFF-AB2E-5C36C33E81E4}.Debug|Any CPU.ActiveCfg = Debug|Any CPU
		{353B3350-55F6-4BFF-AB2E-5C36C33E81E4}.Debug|Any CPU.Build.0 = Debug|Any CPU
		{353B3350-55F6-4BFF-AB2E-5C36C33E81E4}.Release|Any CPU.ActiveCfg = Release|Any CPU
		{353B3350-55F6-4BFF-AB2E-5C36C33E81E4}.Release|Any CPU.Build.0 = Release|Any CPU
	EndGlobalSection
	GlobalSection(SolutionProperties) = preSolution
		HideSolutionNode = FALSE
	EndGlobalSection
	GlobalSection(ExtensibilityGlobals) = postSolution
		SolutionGuid = {88E1455C-BD22-4FAA-91B7-65B53DB06627}
	EndGlobalSection
EndGlobal
